{
  "nodes": {
    "nixpkgs": {
      "locked": {
        "lastModified": 1737110817,
        "narHash": "sha256-DSenga8XjPaUV5KUFW/i3rNkN7jm9XmguW+qQ1ZJTR4=",
        "owner": "nixos",
        "repo": "nixpkgs",
        "rev": "041c867bad68dfe34b78b2813028a2e2ea70a23c",
        "type": "github"
      },
      "original": {
        "owner": "nixos",
        "ref": "nixpkgs-unstable",
        "repo": "nixpkgs",
        "type": "github"
      }
    },
    "nixpkgs_2": {
      "locked": {
        "lastModified": 1736012469,
        "narHash": "sha256-/qlNWm/IEVVH7GfgAIyP6EsVZI6zjAx1cV5zNyrs+rI=",
        "path": "/nix/store/khbvilmsrv4l69nwd52h27j1mp44a0xi-source",
        "rev": "8f3e1f807051e32d8c95cd12b9b421623850a34d",
        "type": "path"
      },
      "original": {
        "id": "nixpkgs",
        "type": "indirect"
      }
    },
    "root": {
      "inputs": {
        "nixpkgs": "nixpkgs",
        "website-builder": "website-builder"
      }
    },
    "website-builder": {
      "inputs": {
        "nixpkgs": "nixpkgs_2"
      },
      "locked": {
        "lastModified": 1737331279,
        "narHash": "sha256-6CnfGyL6IkAmGqBUL3LBAtr4txsbK0JQS486xEa3BU8=",
        "owner": "rasmus-kirk",
        "repo": "website-builder",
        "rev": "f75f14f4b4c01b5a9b04fdb4dd85f26f100f3a84",
        "type": "github"
      },
      "original": {
        "owner": "rasmus-kirk",
        "repo": "website-builder",
        "type": "github"
      }
    }
  },
  "root": "root",
  "version": 7
}
